
Microsoft Visual Studio Solution File, Format Version 12.00
# Visual Studio 14
VisualStudioVersion = 14.0.25420.1
MinimumVisualStudioVersion = 10.0.40219.1
Project("{FAE04EC0-301F-11D3-BF4B-00C04F79EFBC}") = "RGC2020MVC.WebUI", "RGC2020MVC.WebUI\RGC2020MVC.WebUI.csproj", "{A946340B-490A-4B45-9095-F23F50E0B59D}"
	ProjectSection(ProjectDependencies) = postProject
		{B1A5E0AF-D712-498D-AD25-A06B9DD520A5} = {B1A5E0AF-D712-498D-AD25-A06B9DD520A5}
		{F5D585BB-35A8-43F4-BD24-65D27B4F7054} = {F5D585BB-35A8-43F4-BD24-65D27B4F7054}
	EndProjectSection
EndProject
Project("{FAE04EC0-301F-11D3-BF4B-00C04F79EFBC}") = "RGC2020MVC.DAL", "RGC2020MVC.DAL\RGC2020MVC.DAL.csproj", "{B1A5E0AF-D712-498D-AD25-A06B9DD520A5}"
	ProjectSection(ProjectDependencies) = postProject
		{F5D585BB-35A8-43F4-BD24-65D27B4F7054} = {F5D585BB-35A8-43F4-BD24-65D27B4F7054}
	EndProjectSection
EndProject
Project("{FAE04EC0-301F-11D3-BF4B-00C04F79EFBC}") = "RGC2020MVC.Model", "RGC2020MVC.Model\RGC2020MVC.Model.csproj", "{F5D585BB-35A8-43F4-BD24-65D27B4F7054}"
EndProject
Global
	GlobalSection(SolutionConfigurationPlatforms) = preSolution
		Debug|Any CPU = Debug|Any CPU
		Release|Any CPU = Release|Any CPU
	EndGlobalSection
	GlobalSection(ProjectConfigurationPlatforms) = postSolution
		{A946340B-490A-4B45-9095-F23F50E0B59D}.Debug|Any CPU.ActiveCfg = Debug|Any CPU
		{A946340B-490A-4B45-9095-F23F50E0B59D}.Debug|Any CPU.Build.0 = Debug|Any CPU
		{A946340B-490A-4B45-9095-F23F50E0B59D}.Release|Any CPU.ActiveCfg = Release|Any CPU
		{A946340B-490A-4B45-9095-F23F50E0B59D}.Release|Any CPU.Build.0 = Release|Any CPU
		{B1A5E0AF-D712-498D-AD25-A06B9DD520A5}.Debug|Any CPU.ActiveCfg = Debug|Any CPU
		{B1A5E0AF-D712-498D-AD25-A06B9DD520A5}.Debug|Any CPU.Build.0 = Debug|Any CPU
		{B1A5E0AF-D712-498D-AD25-A06B9DD520A5}.Release|Any CPU.ActiveCfg = Release|Any CPU
		{B1A5E0AF-D712-498D-AD25-A06B9DD520A5}.Release|Any CPU.Build.0 = Release|Any CPU
		{F5D585BB-35A8-43F4-BD24-65D27B4F7054}.Debug|Any CPU.ActiveCfg = Debug|Any CPU
		{F5D585BB-35A8-43F4-BD24-65D27B4F7054}.Debug|Any CPU.Build.0 = Debug|Any CPU
		{F5D585BB-35A8-43F4-BD24-65D27B4F7054}.Release|Any CPU.ActiveCfg = Release|Any CPU
		{F5D585BB-35A8-43F4-BD24-65D27B4F7054}.Release|Any CPU.Build.0 = Release|Any CPU
	EndGlobalSection
	GlobalSection(SolutionProperties) = preSolution
		HideSolutionNode = FALSE
	EndGlobalSection
EndGlobal
